// !$*UTF8*$!
{
	archiveVersion = 1;
	classes = {
	};
	objectVersion = 50;
	objects = {

/* Begin PBXBuildFile section */
		E98E94A124141A01002F5641 /* ViewController3.swift in Sources */ = {isa = PBXBuildFile; fileRef = E98E94A024141A01002F5641 /* ViewController3.swift */; };
		E98E94AA2414279A002F5641 /* ViewController4.swift in Sources */ = {isa = PBXBuildFile; fileRef = E98E94A82414279A002F5641 /* ViewController4.swift */; };
		E98E94AB2414279A002F5641 /* ViewController4.xib in Resources */ = {isa = PBXBuildFile; fileRef = E98E94A92414279A002F5641 /* ViewController4.xib */; };
		E98E94AD24142D35002F5641 /* ViewController5.swift in Sources */ = {isa = PBXBuildFile; fileRef = E98E94AC24142D35002F5641 /* ViewController5.swift */; };
		E9A87713240955450004F142 /* AppDelegate.swift in Sources */ = {isa = PBXBuildFile; fileRef = E9A87712240955450004F142 /* AppDelegate.swift */; };
		E9A87715240955450004F142 /* SceneDelegate.swift in Sources */ = {isa = PBXBuildFile; fileRef = E9A87714240955450004F142 /* SceneDelegate.swift */; };
		E9A87717240955450004F142 /* ViewController2.swift in Sources */ = {isa = PBXBuildFile; fileRef = E9A87716240955450004F142 /* ViewController2.swift */; };
		E9A8771A240955450004F142 /* Main.storyboard in Resources */ = {isa = PBXBuildFile; fileRef = E9A87718240955450004F142 /* Main.storyboard */; };
		E9A8771C240955450004F142 /* Assets.xcassets in Resources */ = {isa = PBXBuildFile; fileRef = E9A8771B240955450004F142 /* Assets.xcassets */; };
		E9A8771F240955450004F142 /* LaunchScreen.storyboard in Resources */ = {isa = PBXBuildFile; fileRef = E9A8771D240955450004F142 /* LaunchScreen.storyboard */; };
		E9A8772724095AEA0004F142 /* ViewController1.swift in Sources */ = {isa = PBXBuildFile; fileRef = E9A8772624095AEA0004F142 /* ViewController1.swift */; };
/* End PBXBuildFile section */

/* Begin PBXFileReference section */
		E98E94A024141A01002F5641 /* ViewController3.swift */ = {isa = PBXFileReference; lastKnownFileType = sourcecode.swift; path = ViewController3.swift; sourceTree = "<group>"; };
		E98E94A82414279A002F5641 /* ViewController4.swift */ = {isa = PBXFileReference; lastKnownFileType = sourcecode.swift; path = ViewController4.swift; sourceTree = "<group>"; };
		E98E94A92414279A002F5641 /* ViewController4.xib */ = {isa = PBXFileReference; lastKnownFileType = file.xib; path = ViewController4.xib; sourceTree = "<group>"; };
		E98E94AC24142D35002F5641 /* ViewController5.swift */ = {isa = PBXFileReference; lastKnownFileType = sourcecode.swift; path = ViewController5.swift; sourceTree = "<group>"; };
		E9A8770F240955450004F142 /* Course2Week5Task2.app */ = {isa = PBXFileReference; explicitFileType = wrapper.application; includeInIndex = 0; path = Course2Week5Task2.app; sourceTree = BUILT_PRODUCTS_DIR; };
		E9A87712240955450004F142 /* AppDelegate.swift */ = {isa = PBXFileReference; lastKnownFileType = sourcecode.swift; path = AppDelegate.swift; sourceTree = "<group>"; };
		E9A87714240955450004F142 /* SceneDelegate.swift */ = {isa = PBXFileReference; lastKnownFileType = sourcecode.swift; path = SceneDelegate.swift; sourceTree = "<group>"; };
		E9A87716240955450004F142 /* ViewController2.swift */ = {isa = PBXFileReference; lastKnownFileType = sourcecode.swift; path = ViewController2.swift; sourceTree = "<group>"; };
		E9A87719240955450004F142 /* Base */ = {isa = PBXFileReference; lastKnownFileType = file.storyboard; name = Base; path = Base.lproj/Main.storyboard; sourceTree = "<group>"; };
		E9A8771B240955450004F142 /* Assets.xcassets */ = {isa = PBXFileReference; lastKnownFileType = folder.assetcatalog; path = Assets.xcassets; sourceTree = "<group>"; };
		E9A8771E240955450004F142 /* Base */ = {isa = PBXFileReference; lastKnownFileType = file.storyboard; name = Base; path = Base.lproj/LaunchScreen.storyboard; sourceTree = "<group>"; };
		E9A87720240955450004F142 /* Info.plist */ = {isa = PBXFileReference; lastKnownFileType = text.plist.xml; path = Info.plist; sourceTree = "<group>"; };
		E9A8772624095AEA0004F142 /* ViewController1.swift */ = {isa = PBXFileReference; lastKnownFileType = sourcecode.swift; path = ViewController1.swift; sourceTree = "<group>"; };
/* End PBXFileReference section */

/* Begin PBXFrameworksBuildPhase section */
		E9A8770C240955450004F142 /* Frameworks */ = {
			isa = PBXFrameworksBuildPhase;
			buildActionMask = 2147483647;
			files = (
			);
			runOnlyForDeploymentPostprocessing = 0;
		};
/* End PBXFrameworksBuildPhase section */

/* Begin PBXGroup section */
		E98E949F241419E3002F5641 /* ViewControllers */ = {
			isa = PBXGroup;
			children = (
				E98E94A82414279A002F5641 /* ViewController4.swift */,
				E98E94A92414279A002F5641 /* ViewController4.xib */,
				E9A87716240955450004F142 /* ViewController2.swift */,
				E9A8772624095AEA0004F142 /* ViewController1.swift */,
				E98E94A024141A01002F5641 /* ViewController3.swift */,
				E98E94AC24142D35002F5641 /* ViewController5.swift */,
			);
			path = ViewControllers;
			sourceTree = "<group>";
		};
		E9A87706240955450004F142 = {
			isa = PBXGroup;
			children = (
				E9A87711240955450004F142 /* Course2Week5Task2 */,
				E9A87710240955450004F142 /* Products */,
			);
			sourceTree = "<group>";
		};
		E9A87710240955450004F142 /* Products */ = {
			isa = PBXGroup;
			children = (
				E9A8770F240955450004F142 /* Course2Week5Task2.app */,
			);
			name = Products;
			sourceTree = "<group>";
		};
		E9A87711240955450004F142 /* Course2Week5Task2 */ = {
			isa = PBXGroup;
			children = (
				E9A87712240955450004F142 /* AppDelegate.swift */,
				E9A87714240955450004F142 /* SceneDelegate.swift */,
				E98E949F241419E3002F5641 /* ViewControllers */,
				E9A87718240955450004F142 /* Main.storyboard */,
				E9A8771B240955450004F142 /* Assets.xcassets */,
				E9A8771D240955450004F142 /* LaunchScreen.storyboard */,
				E9A87720240955450004F142 /* Info.plist */,
			);
			path = Course2Week5Task2;
			sourceTree = "<group>";
		};
/* End PBXGroup section */

/* Begin PBXNativeTarget section */
		E9A8770E240955450004F142 /* Course2Week5Task2 */ = {
			isa = PBXNativeTarget;
			buildConfigurationList = E9A87723240955450004F142 /* Build configuration list for PBXNativeTarget "Course2Week5Task2" */;
			buildPhases = (
				E9A8770B240955450004F142 /* Sources */,
				E9A8770C240955450004F142 /* Frameworks */,
				E9A8770D240955450004F142 /* Resources */,
			);
			buildRules = (
			);
			dependencies = (
			);
			name = Course2Week5Task2;
			productName = Course2Week5Task2;
			productReference = E9A8770F240955450004F142 /* Course2Week5Task2.app */;
			productType = "com.apple.product-type.application";
		};
/* End PBXNativeTarget section */

/* Begin PBXProject section */
		E9A87707240955450004F142 /* Project object */ = {
			isa = PBXProject;
			attributes = {
				LastSwiftUpdateCheck = 1130;
				LastUpgradeCheck = 1130;
				ORGANIZATIONNAME = Rodionov;
				TargetAttributes = {
					E9A8770E240955450004F142 = {
						CreatedOnToolsVersion = 11.3.1;
					};
				};
			};
			buildConfigurationList = E9A8770A240955450004F142 /* Build configuration list for PBXProject "Course2Week5Task2" */;
			compatibilityVersion = "Xcode 9.3";
			developmentRegion = en;
			hasScannedForEncodings = 0;
			knownRegions = (
				en,
				Base,
			);
			mainGroup = E9A87706240955450004F142;
			productRefGroup = E9A87710240955450004F142 /* Products */;
			projectDirPath = "";
			projectRoot = "";
			targets = (
				E9A8770E240955450004F142 /* Course2Week5Task2 */,
			);
		};
/* End PBXProject section */

/* Begin PBXResourcesBuildPhase section */
		E9A8770D240955450004F142 /* Resources */ = {
			isa = PBXResourcesBuildPhase;
			buildActionMask = 2147483647;
			files = (
				E9A8771F240955450004F142 /* LaunchScreen.storyboard in Resources */,
				E9A8771C240955450004F142 /* Assets.xcassets in Resources */,
				E9A8771A240955450004F142 /* Main.storyboard in Resources */,
				E98E94AB2414279A002F5641 /* ViewController4.xib in Resources */,
			);
			runOnlyForDeploymentPostprocessing = 0;
		};
/* End PBXResourcesBuildPhase section */

/* Begin PBXSourcesBuildPhase section */
		E9A8770B240955450004F142 /* Sources */ = {
			isa = PBXSourcesBuildPhase;
			buildActionMask = 2147483647;
			files = (
				E98E94A124141A01002F5641 /* ViewController3.swift in Sources */,
				E98E94AA2414279A002F5641 /* ViewController4.swift in Sources */,
				E9A87717240955450004F142 /* ViewController2.swift in Sources */,
				E9A8772724095AEA0004F142 /* ViewController1.swift in Sources */,
				E9A87713240955450004F142 /* AppDelegate.swift in Sources */,
				E9A87715240955450004F142 /* SceneDelegate.swift in Sources */,
				E98E94AD24142D35002F5641 /* ViewController5.swift in Sources */,
			);
			runOnlyForDeploymentPostprocessing = 0;
		};
/* End PBXSourcesBuildPhase section */

/* Begin PBXVariantGroup section */
		E9A87718240955450004F142 /* Main.storyboard */ = {
			isa = PBXVariantGroup;
			children = (
				E9A87719240955450004F142 /* Base */,
			);
			name = Main.storyboard;
			sourceTree = "<group>";
		};
		E9A8771D240955450004F142 /* LaunchScreen.storyboard */ = {
			isa = PBXVariantGroup;
			children = (
				E9A8771E240955450004F142 /* Base */,
			);
			name = LaunchScreen.storyboard;
			sourceTree = "<group>";
		};
/* End PBXVariantGroup section */

/* Begin XCBuildConfiguration section */
		E9A87721240955450004F142 /* Debug */ = {
			isa = XCBuildConfiguration;
			buildSettings = {
				ALWAYS_SEARCH_USER_PATHS = NO;
				CLANG_ANALYZER_NONNULL = YES;
				CLANG_ANALYZER_NUMBER_OBJECT_CONVERSION = YES_AGGRESSIVE;
				CLANG_CXX_LANGUAGE_STANDARD = "gnu++14";
				CLANG_CXX_LIBRARY = "libc++";
				CLANG_ENABLE_MODULES = YES;
				CLANG_ENABLE_OBJC_ARC = YES;
				CLANG_ENABLE_OBJC_WEAK = YES;
				CLANG_WARN_BLOCK_CAPTURE_AUTORELEASING = YES;
				CLANG_WARN_BOOL_CONVERSION = YES;
				CLANG_WARN_COMMA = YES;
				CLANG_WARN_CONSTANT_CONVERSION = YES;
				CLANG_WARN_DEPRECATED_OBJC_IMPLEMENTATIONS = YES;
				CLANG_WARN_DIRECT_OBJC_ISA_USAGE = YES_ERROR;
				CLANG_WARN_DOCUMENTATION_COMMENTS = YES;
				CLANG_WARN_EMPTY_BODY = YES;
				CLANG_WARN_ENUM_CONVERSION = YES;
				CLANG_WARN_INFINITE_RECURSION = YES;
				CLANG_WARN_INT_CONVERSION = YES;
				CLANG_WARN_NON_LITERAL_NULL_CONVERSION = YES;
				CLANG_WARN_OBJC_IMPLICIT_RETAIN_SELF = YES;
				CLANG_WARN_OBJC_LITERAL_CONVERSION = YES;
				CLANG_WARN_OBJC_ROOT_CLASS = YES_ERROR;
				CLANG_WARN_RANGE_LOOP_ANALYSIS = YES;
				CLANG_WARN_STRICT_PROTOTYPES = YES;
				CLANG_WARN_SUSPICIOUS_MOVE = YES;
				CLANG_WARN_UNGUARDED_AVAILABILITY = YES_AGGRESSIVE;
				CLANG_WARN_UNREACHABLE_CODE = YES;
				CLANG_WARN__DUPLICATE_METHOD_MATCH = YES;
				COPY_PHASE_STRIP = NO;
				DEBUG_INFORMATION_FORMAT = dwarf;
				ENABLE_STRICT_OBJC_MSGSEND = YES;
				ENABLE_TESTABILITY = YES;
				GCC_C_LANGUAGE_STANDARD = gnu11;
				GCC_DYNAMIC_NO_PIC = NO;
				GCC_NO_COMMON_BLOCKS = YES;
				GCC_OPTIMIZATION_LEVEL = 0;
				GCC_PREPROCESSOR_DEFINITIONS = (
					"DEBUG=1",
					"$(inherited)",
				);
				GCC_WARN_64_TO_32_BIT_CONVERSION = YES;
				GCC_WARN_ABOUT_RETURN_TYPE = YES_ERROR;
				GCC_WARN_UNDECLARED_SELECTOR = YES;
				GCC_WARN_UNINITIALIZED_AUTOS = YES_AGGRESSIVE;
				GCC_WARN_UNUSED_FUNCTION = YES;
				GCC_WARN_UNUSED_VARIABLE = YES;
				IPHONEOS_DEPLOYMENT_TARGET = 13.2;
				MTL_ENABLE_DEBUG_INFO = INCLUDE_SOURCE;
				MTL_FAST_MATH = YES;
				ONLY_ACTIVE_ARCH = YES;
				SDKROOT = iphoneos;
				SWIFT_ACTIVE_COMPILATION_CONDITIONS = DEBUG;
				SWIFT_OPTIMIZATION_LEVEL = "-Onone";
			};
			name = Debug;
		};
		E9A87722240955450004F142 /* Release */ = {
			isa = XCBuildConfiguration;
			buildSettings = {
				ALWAYS_SEARCH_USER_PATHS = NO;
				CLANG_ANALYZER_NONNULL = YES;
				CLANG_ANALYZER_NUMBER_OBJECT_CONVERSION = YES_AGGRESSIVE;
				CLANG_CXX_LANGUAGE_STANDARD = "gnu++14";
				CLANG_CXX_LIBRARY = "libc++";
				CLANG_ENABLE_MODULES = YES;
				CLANG_ENABLE_OBJC_ARC = YES;
				CLANG_ENABLE_OBJC_WEAK = YES;
				CLANG_WARN_BLOCK_CAPTURE_AUTORELEASING = YES;
				CLANG_WARN_BOOL_CONVERSION = YES;
				CLANG_WARN_COMMA = YES;
				CLANG_WARN_CONSTANT_CONVERSION = YES;
				CLANG_WARN_DEPRECATED_OBJC_IMPLEMENTATIONS = YES;
				CLANG_WARN_DIRECT_OBJC_ISA_USAGE = YES_ERROR;
				CLANG_WARN_DOCUMENTATION_COMMENTS = YES;
				CLANG_WARN_EMPTY_BODY = YES;
				CLANG_WARN_ENUM_CONVERSION = YES;
				CLANG_WARN_INFINITE_RECURSION = YES;
				CLANG_WARN_INT_CONVERSION = YES;
				CLANG_WARN_NON_LITERAL_NULL_CONVERSION = YES;
				CLANG_WARN_OBJC_IMPLICIT_RETAIN_SELF = YES;
				CLANG_WARN_OBJC_LITERAL_CONVERSION = YES;
				CLANG_WARN_OBJC_ROOT_CLASS = YES_ERROR;
				CLANG_WARN_RANGE_LOOP_ANALYSIS = YES;
				CLANG_WARN_STRICT_PROTOTYPES = YES;
				CLANG_WARN_SUSPICIOUS_MOVE = YES;
				CLANG_WARN_UNGUARDED_AVAILABILITY = YES_AGGRESSIVE;
				CLANG_WARN_UNREACHABLE_CODE = YES;
				CLANG_WARN__DUPLICATE_METHOD_MATCH = YES;
				COPY_PHASE_STRIP = NO;
				DEBUG_INFORMATION_FORMAT = "dwarf-with-dsym";
				ENABLE_NS_ASSERTIONS = NO;
				ENABLE_STRICT_OBJC_MSGSEND = YES;
				GCC_C_LANGUAGE_STANDARD = gnu11;
				GCC_NO_COMMON_BLOCKS = YES;
				GCC_WARN_64_TO_32_BIT_CONVERSION = YES;
				GCC_WARN_ABOUT_RETURN_TYPE = YES_ERROR;
				GCC_WARN_UNDECLARED_SELECTOR = YES;
				GCC_WARN_UNINITIALIZED_AUTOS = YES_AGGRESSIVE;
				GCC_WARN_UNUSED_FUNCTION = YES;
				GCC_WARN_UNUSED_VARIABLE = YES;
				IPHONEOS_DEPLOYMENT_TARGET = 13.2;
				MTL_ENABLE_DEBUG_INFO = NO;
				MTL_FAST_MATH = YES;
				SDKROOT = iphoneos;
				SWIFT_COMPILATION_MODE = wholemodule;
				SWIFT_OPTIMIZATION_LEVEL = "-O";
				VALIDATE_PRODUCT = YES;
			};
			name = Release;
		};
		E9A87724240955450004F142 /* Debug */ = {
			isa = XCBuildConfiguration;
			buildSettings = {
				ASSETCATALOG_COMPILER_APPICON_NAME = AppIcon;
				CODE_SIGN_STYLE = Automatic;
				INFOPLIST_FILE = Course2Week5Task2/Info.plist;
				LD_RUNPATH_SEARCH_PATHS = (
					"$(inherited)",
					"@executable_path/Frameworks",
				);
				PRODUCT_BUNDLE_IDENTIFIER = rv.Course2Week5Task2;
				PRODUCT_NAME = "$(TARGET_NAME)";
				SWIFT_VERSION = 5.0;
				TARGETED_DEVICE_FAMILY = "1,2";
			};
			name = Debug;
		};
		E9A87725240955450004F142 /* Release */ = {
			isa = XCBuildConfiguration;
			buildSettings = {
				ASSETCATALOG_COMPILER_APPICON_NAME = AppIcon;
				CODE_SIGN_STYLE = Automatic;
				INFOPLIST_FILE = Course2Week5Task2/Info.plist;
				LD_RUNPATH_SEARCH_PATHS = (
					"$(inherited)",
					"@executable_path/Frameworks",
				);
				PRODUCT_BUNDLE_IDENTIFIER = rv.Course2Week5Task2;
				PRODUCT_NAME = "$(TARGET_NAME)";
				SWIFT_VERSION = 5.0;
				TARGETED_DEVICE_FAMILY = "1,2";
			};
			name = Release;
		};
/* End XCBuildConfiguration section */

/* Begin XCConfigurationList section */
		E9A8770A240955450004F142 /* Build configuration list for PBXProject "Course2Week5Task2" */ = {
			isa = XCConfigurationList;
			buildConfigurations = (
				E9A87721240955450004F142 /* Debug */,
				E9A87722240955450004F142 /* Release */,
			);
			defaultConfigurationIsVisible = 0;
			defaultConfigurationName = Release;
		};
		E9A87723240955450004F142 /* Build configuration list for PBXNativeTarget "Course2Week5Task2" */ = {
			isa = XCConfigurationList;
			buildConfigurations = (
				E9A87724240955450004F142 /* Debug */,
				E9A87725240955450004F142 /* Release */,
			);
			defaultConfigurationIsVisible = 0;
			defaultConfigurationName = Release;
		};
/* End XCConfigurationList section */
	};
	rootObject = E9A87707240955450004F142 /* Project object */;
}
